// !$*UTF8*$!
{
	archiveVersion = 1;
	classes = {
	};
	objectVersion = 46;
	objects = {

/* Begin PBXBuildFile section */
		39D414B61A70777600AD33A5 /* AppDelegate.swift in Sources */ = {isa = PBXBuildFile; fileRef = 39D414B51A70777600AD33A5 /* AppDelegate.swift */; };
		39D414B81A70777700AD33A5 /* ViewController.swift in Sources */ = {isa = PBXBuildFile; fileRef = 39D414B71A70777700AD33A5 /* ViewController.swift */; };
		39D414BB1A70777700AD33A5 /* Main.storyboard in Resources */ = {isa = PBXBuildFile; fileRef = 39D414B91A70777700AD33A5 /* Main.storyboard */; };
		39D414BD1A70777700AD33A5 /* Images.xcassets in Resources */ = {isa = PBXBuildFile; fileRef = 39D414BC1A70777700AD33A5 /* Images.xcassets */; };
		39D414C01A70777700AD33A5 /* LaunchScreen.xib in Resources */ = {isa = PBXBuildFile; fileRef = 39D414BE1A70777700AD33A5 /* LaunchScreen.xib */; };
		39D414CC1A70777800AD33A5 /* Cat_YearsTests.swift in Sources */ = {isa = PBXBuildFile; fileRef = 39D414CB1A70777800AD33A5 /* Cat_YearsTests.swift */; };
/* End PBXBuildFile section */

/* Begin PBXContainerItemProxy section */
		39D414C61A70777700AD33A5 /* PBXContainerItemProxy */ = {
			isa = PBXContainerItemProxy;
			containerPortal = 39D414A81A70777600AD33A5 /* Project object */;
			proxyType = 1;
			remoteGlobalIDString = 39D414AF1A70777600AD33A5;
			remoteInfo = "Cat Years";
		};
/* End PBXContainerItemProxy section */

/* Begin PBXFileReference section */
		39D414B01A70777600AD33A5 /* Cat Years.app */ = {isa = PBXFileReference; explicitFileType = wrapper.application; includeInIndex = 0; path = "Cat Years.app"; sourceTree = BUILT_PRODUCTS_DIR; };
		39D414B41A70777600AD33A5 /* Info.plist */ = {isa = PBXFileReference; lastKnownFileType = text.plist.xml; path = Info.plist; sourceTree = "<group>"; };
		39D414B51A70777600AD33A5 /* AppDelegate.swift */ = {isa = PBXFileReference; lastKnownFileType = sourcecode.swift; path = AppDelegate.swift; sourceTree = "<group>"; };
		39D414B71A70777700AD33A5 /* ViewController.swift */ = {isa = PBXFileReference; lastKnownFileType = sourcecode.swift; path = ViewController.swift; sourceTree = "<group>"; };
		39D414BA1A70777700AD33A5 /* Base */ = {isa = PBXFileReference; lastKnownFileType = file.storyboard; name = Base; path = Base.lproj/Main.storyboard; sourceTree = "<group>"; };
		39D414BC1A70777700AD33A5 /* Images.xcassets */ = {isa = PBXFileReference; lastKnownFileType = folder.assetcatalog; path = Images.xcassets; sourceTree = "<group>"; };
		39D414BF1A70777700AD33A5 /* Base */ = {isa = PBXFileReference; lastKnownFileType = file.xib; name = Base; path = Base.lproj/LaunchScreen.xib; sourceTree = "<group>"; };
		39D414C51A70777700AD33A5 /* Cat YearsTests.xctest */ = {isa = PBXFileReference; explicitFileType = wrapper.cfbundle; includeInIndex = 0; path = "Cat YearsTests.xctest"; sourceTree = BUILT_PRODUCTS_DIR; };
		39D414CA1A70777800AD33A5 /* Info.plist */ = {isa = PBXFileReference; lastKnownFileType = text.plist.xml; path = Info.plist; sourceTree = "<group>"; };
		39D414CB1A70777800AD33A5 /* Cat_YearsTests.swift */ = {isa = PBXFileReference; lastKnownFileType = sourcecode.swift; path = Cat_YearsTests.swift; sourceTree = "<group>"; };
/* End PBXFileReference section */

/* Begin PBXFrameworksBuildPhase section */
		39D414AD1A70777600AD33A5 /* Frameworks */ = {
			isa = PBXFrameworksBuildPhase;
			buildActionMask = 2147483647;
			files = (
			);
			runOnlyForDeploymentPostprocessing = 0;
		};
		39D414C21A70777700AD33A5 /* Frameworks */ = {
			isa = PBXFrameworksBuildPhase;
			buildActionMask = 2147483647;
			files = (
			);
			runOnlyForDeploymentPostprocessing = 0;
		};
/* End PBXFrameworksBuildPhase section */

/* Begin PBXGroup section */
		39D414A71A70777600AD33A5 = {
			isa = PBXGroup;
			children = (
				39D414B21A70777600AD33A5 /* Cat Years */,
				39D414C81A70777700AD33A5 /* Cat YearsTests */,
				39D414B11A70777600AD33A5 /* Products */,
			);
			sourceTree = "<group>";
		};
		39D414B11A70777600AD33A5 /* Products */ = {
			isa = PBXGroup;
			children = (
				39D414B01A70777600AD33A5 /* Cat Years.app */,
				39D414C51A70777700AD33A5 /* Cat YearsTests.xctest */,
			);
			name = Products;
			sourceTree = "<group>";
		};
		39D414B21A70777600AD33A5 /* Cat Years */ = {
			isa = PBXGroup;
			children = (
				39D414B51A70777600AD33A5 /* AppDelegate.swift */,
				39D414B71A70777700AD33A5 /* ViewController.swift */,
				39D414B91A70777700AD33A5 /* Main.storyboard */,
				39D414BC1A70777700AD33A5 /* Images.xcassets */,
				39D414BE1A70777700AD33A5 /* LaunchScreen.xib */,
				39D414B31A70777600AD33A5 /* Supporting Files */,
			);
			path = "Cat Years";
			sourceTree = "<group>";
		};
		39D414B31A70777600AD33A5 /* Supporting Files */ = {
			isa = PBXGroup;
			children = (
				39D414B41A70777600AD33A5 /* Info.plist */,
			);
			name = "Supporting Files";
			sourceTree = "<group>";
		};
		39D414C81A70777700AD33A5 /* Cat YearsTests */ = {
			isa = PBXGroup;
			children = (
				39D414CB1A70777800AD33A5 /* Cat_YearsTests.swift */,
				39D414C91A70777800AD33A5 /* Supporting Files */,
			);
			path = "Cat YearsTests";
			sourceTree = "<group>";
		};
		39D414C91A70777800AD33A5 /* Supporting Files */ = {
			isa = PBXGroup;
			children = (
				39D414CA1A70777800AD33A5 /* Info.plist */,
			);
			name = "Supporting Files";
			sourceTree = "<group>";
		};
/* End PBXGroup section */

/* Begin PBXNativeTarget section */
		39D414AF1A70777600AD33A5 /* Cat Years */ = {
			isa = PBXNativeTarget;
			buildConfigurationList = 39D414CF1A70777800AD33A5 /* Build configuration list for PBXNativeTarget "Cat Years" */;
			buildPhases = (
				39D414AC1A70777600AD33A5 /* Sources */,
				39D414AD1A70777600AD33A5 /* Frameworks */,
				39D414AE1A70777600AD33A5 /* Resources */,
			);
			buildRules = (
			);
			dependencies = (
			);
			name = "Cat Years";
			productName = "Cat Years";
			productReference = 39D414B01A70777600AD33A5 /* Cat Years.app */;
			productType = "com.apple.product-type.application";
		};
		39D414C41A70777700AD33A5 /* Cat YearsTests */ = {
			isa = PBXNativeTarget;
			buildConfigurationList = 39D414D21A70777800AD33A5 /* Build configuration list for PBXNativeTarget "Cat YearsTests" */;
			buildPhases = (
				39D414C11A70777700AD33A5 /* Sources */,
				39D414C21A70777700AD33A5 /* Frameworks */,
				39D414C31A70777700AD33A5 /* Resources */,
			);
			buildRules = (
			);
			dependencies = (
				39D414C71A70777700AD33A5 /* PBXTargetDependency */,
			);
			name = "Cat YearsTests";
			productName = "Cat YearsTests";
			productReference = 39D414C51A70777700AD33A5 /* Cat YearsTests.xctest */;
			productType = "com.apple.product-type.bundle.unit-test";
		};
/* End PBXNativeTarget section */

/* Begin PBXProject section */
		39D414A81A70777600AD33A5 /* Project object */ = {
			isa = PBXProject;
			attributes = {
				LastUpgradeCheck = 0610;
				ORGANIZATIONNAME = Cooldude;
				TargetAttributes = {
					39D414AF1A70777600AD33A5 = {
						CreatedOnToolsVersion = 6.1.1;
					};
					39D414C41A70777700AD33A5 = {
						CreatedOnToolsVersion = 6.1.1;
						TestTargetID = 39D414AF1A70777600AD33A5;
					};
				};
			};
			buildConfigurationList = 39D414AB1A70777600AD33A5 /* Build configuration list for PBXProject "Cat Years" */;
			compatibilityVersion = "Xcode 3.2";
			developmentRegion = English;
			hasScannedForEncodings = 0;
			knownRegions = (
				en,
				Base,
			);
			mainGroup = 39D414A71A70777600AD33A5;
			productRefGroup = 39D414B11A70777600AD33A5 /* Products */;
			projectDirPath = "";
			projectRoot = "";
			targets = (
				39D414AF1A70777600AD33A5 /* Cat Years */,
				39D414C41A70777700AD33A5 /* Cat YearsTests */,
			);
		};
/* End PBXProject section */

/* Begin PBXResourcesBuildPhase section */
		39D414AE1A70777600AD33A5 /* Resources */ = {
			isa = PBXResourcesBuildPhase;
			buildActionMask = 2147483647;
			files = (
				39D414BB1A70777700AD33A5 /* Main.storyboard in Resources */,
				39D414C01A70777700AD33A5 /* LaunchScreen.xib in Resources */,
				39D414BD1A70777700AD33A5 /* Images.xcassets in Resources */,
			);
			runOnlyForDeploymentPostprocessing = 0;
		};
		39D414C31A70777700AD33A5 /* Resources */ = {
			isa = PBXResourcesBuildPhase;
			buildActionMask = 2147483647;
			files = (
			);
			runOnlyForDeploymentPostprocessing = 0;
		};
/* End PBXResourcesBuildPhase section */

/* Begin PBXSourcesBuildPhase section */
		39D414AC1A70777600AD33A5 /* Sources */ = {
			isa = PBXSourcesBuildPhase;
			buildActionMask = 2147483647;
			files = (
				39D414B81A70777700AD33A5 /* ViewController.swift in Sources */,
				39D414B61A70777600AD33A5 /* AppDelegate.swift in Sources */,
			);
			runOnlyForDeploymentPostprocessing = 0;
		};
		39D414C11A70777700AD33A5 /* Sources */ = {
			isa = PBXSourcesBuildPhase;
			buildActionMask = 2147483647;
			files = (
				39D414CC1A70777800AD33A5 /* Cat_YearsTests.swift in Sources */,
			);
			runOnlyForDeploymentPostprocessing = 0;
		};
/* End PBXSourcesBuildPhase section */

/* Begin PBXTargetDependency section */
		39D414C71A70777700AD33A5 /* PBXTargetDependency */ = {
			isa = PBXTargetDependency;
			target = 39D414AF1A70777600AD33A5 /* Cat Years */;
			targetProxy = 39D414C61A70777700AD33A5 /* PBXContainerItemProxy */;
		};
/* End PBXTargetDependency section */

/* Begin PBXVariantGroup section */
		39D414B91A70777700AD33A5 /* Main.storyboard */ = {
			isa = PBXVariantGroup;
			children = (
				39D414BA1A70777700AD33A5 /* Base */,
			);
			name = Main.storyboard;
			sourceTree = "<group>";
		};
		39D414BE1A70777700AD33A5 /* LaunchScreen.xib */ = {
			isa = PBXVariantGroup;
			children = (
				39D414BF1A70777700AD33A5 /* Base */,
			);
			name = LaunchScreen.xib;
			sourceTree = "<group>";
		};
/* End PBXVariantGroup section */

/* Begin XCBuildConfiguration section */
		39D414CD1A70777800AD33A5 /* Debug */ = {
			isa = XCBuildConfiguration;
			buildSettings = {
				ALWAYS_SEARCH_USER_PATHS = NO;
				CLANG_CXX_LANGUAGE_STANDARD = "gnu++0x";
				CLANG_CXX_LIBRARY = "libc++";
				CLANG_ENABLE_MODULES = YES;
				CLANG_ENABLE_OBJC_ARC = YES;
				CLANG_WARN_BOOL_CONVERSION = YES;
				CLANG_WARN_CONSTANT_CONVERSION = YES;
				CLANG_WARN_DIRECT_OBJC_ISA_USAGE = YES_ERROR;
				CLANG_WARN_EMPTY_BODY = YES;
				CLANG_WARN_ENUM_CONVERSION = YES;
				CLANG_WARN_INT_CONVERSION = YES;
				CLANG_WARN_OBJC_ROOT_CLASS = YES_ERROR;
				CLANG_WARN_UNREACHABLE_CODE = YES;
				CLANG_WARN__DUPLICATE_METHOD_MATCH = YES;
				"CODE_SIGN_IDENTITY[sdk=iphoneos*]" = "iPhone Developer";
				COPY_PHASE_STRIP = NO;
				ENABLE_STRICT_OBJC_MSGSEND = YES;
				GCC_C_LANGUAGE_STANDARD = gnu99;
				GCC_DYNAMIC_NO_PIC = NO;
				GCC_OPTIMIZATION_LEVEL = 0;
				GCC_PREPROCESSOR_DEFINITIONS = (
					"DEBUG=1",
					"$(inherited)",
				);
				GCC_SYMBOLS_PRIVATE_EXTERN = NO;
				GCC_WARN_64_TO_32_BIT_CONVERSION = YES;
				GCC_WARN_ABOUT_RETURN_TYPE = YES_ERROR;
				GCC_WARN_UNDECLARED_SELECTOR = YES;
				GCC_WARN_UNINITIALIZED_AUTOS = YES_AGGRESSIVE;
				GCC_WARN_UNUSED_FUNCTION = YES;
				GCC_WARN_UNUSED_VARIABLE = YES;
				IPHONEOS_DEPLOYMENT_TARGET = 8.1;
				MTL_ENABLE_DEBUG_INFO = YES;
				ONLY_ACTIVE_ARCH = YES;
				SDKROOT = iphoneos;
				SWIFT_OPTIMIZATION_LEVEL = "-Onone";
			};
			name = Debug;
		};
		39D414CE1A70777800AD33A5 /* Release */ = {
			isa = XCBuildConfiguration;
			buildSettings = {
				ALWAYS_SEARCH_USER_PATHS = NO;
				CLANG_CXX_LANGUAGE_STANDARD = "gnu++0x";
				CLANG_CXX_LIBRARY = "libc++";
				CLANG_ENABLE_MODULES = YES;
				CLANG_ENABLE_OBJC_ARC = YES;
				CLANG_WARN_BOOL_CONVERSION = YES;
				CLANG_WARN_CONSTANT_CONVERSION = YES;
				CLANG_WARN_DIRECT_OBJC_ISA_USAGE = YES_ERROR;
				CLANG_WARN_EMPTY_BODY = YES;
				CLANG_WARN_ENUM_CONVERSION = YES;
				CLANG_WARN_INT_CONVERSION = YES;
				CLANG_WARN_OBJC_ROOT_CLASS = YES_ERROR;
				CLANG_WARN_UNREACHABLE_CODE = YES;
				CLANG_WARN__DUPLICATE_METHOD_MATCH = YES;
				"CODE_SIGN_IDENTITY[sdk=iphoneos*]" = "iPhone Developer";
				COPY_PHASE_STRIP = YES;
				ENABLE_NS_ASSERTIONS = NO;
				ENABLE_STRICT_OBJC_MSGSEND = YES;
				GCC_C_LANGUAGE_STANDARD = gnu99;
				GCC_WARN_64_TO_32_BIT_CONVERSION = YES;
				GCC_WARN_ABOUT_RETURN_TYPE = YES_ERROR;
				GCC_WARN_UNDECLARED_SELECTOR = YES;
				GCC_WARN_UNINITIALIZED_AUTOS = YES_AGGRESSIVE;
				GCC_WARN_UNUSED_FUNCTION = YES;
				GCC_WARN_UNUSED_VARIABLE = YES;
				IPHONEOS_DEPLOYMENT_TARGET = 8.1;
				MTL_ENABLE_DEBUG_INFO = NO;
				SDKROOT = iphoneos;
				VALIDATE_PRODUCT = YES;
			};
			name = Release;
		};
		39D414D01A70777800AD33A5 /* Debug */ = {
			isa = XCBuildConfiguration;
			buildSettings = {
				ASSETCATALOG_COMPILER_APPICON_NAME = AppIcon;
				INFOPLIST_FILE = "Cat Years/Info.plist";
				LD_RUNPATH_SEARCH_PATHS = "$(inherited) @executable_path/Frameworks";
				PRODUCT_NAME = "$(TARGET_NAME)";
			};
			name = Debug;
		};
		39D414D11A70777800AD33A5 /* Release */ = {
			isa = XCBuildConfiguration;
			buildSettings = {
				ASSETCATALOG_COMPILER_APPICON_NAME = AppIcon;
				INFOPLIST_FILE = "Cat Years/Info.plist";
				LD_RUNPATH_SEARCH_PATHS = "$(inherited) @executable_path/Frameworks";
				PRODUCT_NAME = "$(TARGET_NAME)";
			};
			name = Release;
		};
		39D414D31A70777800AD33A5 /* Debug */ = {
			isa = XCBuildConfiguration;
			buildSettings = {
				BUNDLE_LOADER = "$(TEST_HOST)";
				FRAMEWORK_SEARCH_PATHS = (
					"$(SDKROOT)/Developer/Library/Frameworks",
					"$(inherited)",
				);
				GCC_PREPROCESSOR_DEFINITIONS = (
					"DEBUG=1",
					"$(inherited)",
				);
				INFOPLIST_FILE = "Cat YearsTests/Info.plist";
				LD_RUNPATH_SEARCH_PATHS = "$(inherited) @executable_path/Frameworks @loader_path/Frameworks";
				PRODUCT_NAME = "$(TARGET_NAME)";
				TEST_HOST = "$(BUILT_PRODUCTS_DIR)/Cat Years.app/Cat Years";
			};
			name = Debug;
		};
		39D414D41A70777800AD33A5 /* Release */ = {
			isa = XCBuildConfiguration;
			buildSettings = {
				BUNDLE_LOADER = "$(TEST_HOST)";
				FRAMEWORK_SEARCH_PATHS = (
					"$(SDKROOT)/Developer/Library/Frameworks",
					"$(inherited)",
				);
				INFOPLIST_FILE = "Cat YearsTests/Info.plist";
				LD_RUNPATH_SEARCH_PATHS = "$(inherited) @executable_path/Frameworks @loader_path/Frameworks";
				PRODUCT_NAME = "$(TARGET_NAME)";
				TEST_HOST = "$(BUILT_PRODUCTS_DIR)/Cat Years.app/Cat Years";
			};
			name = Release;
		};
/* End XCBuildConfiguration section */

/* Begin XCConfigurationList section */
		39D414AB1A70777600AD33A5 /* Build configuration list for PBXProject "Cat Years" */ = {
			isa = XCConfigurationList;
			buildConfigurations = (
				39D414CD1A70777800AD33A5 /* Debug */,
				39D414CE1A70777800AD33A5 /* Release */,
			);
			defaultConfigurationIsVisible = 0;
			defaultConfigurationName = Release;
		};
		39D414CF1A70777800AD33A5 /* Build configuration list for PBXNativeTarget "Cat Years" */ = {
			isa = XCConfigurationList;
			buildConfigurations = (
				39D414D01A70777800AD33A5 /* Debug */,
				39D414D11A70777800AD33A5 /* Release */,
			);
			defaultConfigurationIsVisible = 0;
		};
		39D414D21A70777800AD33A5 /* Build configuration list for PBXNativeTarget "Cat YearsTests" */ = {
			isa = XCConfigurationList;
			buildConfigurations = (
				39D414D31A70777800AD33A5 /* Debug */,
				39D414D41A70777800AD33A5 /* Release */,
			);
			defaultConfigurationIsVisible = 0;
		};
/* End XCConfigurationList section */
	};
	rootObject = 39D414A81A70777600AD33A5 /* Project object */;
}
